# THIS IS AN AUTOGENERATED FILE. DO NOT EDIT THIS FILE DIRECTLY.
# yarn lockfile v1


"@types/p5@^0.7.2":
  version "0.7.2"
  resolved "https://registry.yarnpkg.com/@types/p5/-/p5-0.7.2.tgz#783601010d66a2039a7e40ec5388737611c0c85f"
  integrity sha512-RZP5vE2HoPYP3TOCNpAK883z/0wNAgZ2svuk8o5eZ3aEREm2qaYYQW/w0373CjcmtEtYdGaeLqOgU7AaozGnNA==

p5@^0.7.3:
  version "0.7.3"
  resolved "https://registry.yarnpkg.com/p5/-/p5-0.7.3.tgz#a0660327feb8da3e43359a16ad62566b96a7cabe"
  integrity sha512-Ap0Op/YlbqlBe9BEkpislygOKcID9+i6lbGHcUY/QkgZl21+Jy0GPpw+bLjgURk/wlloLcXGnUDpuGsP0xsx2Q==
